# Pinned by .github/workflows/release.yml; scripts/install-sidecar.* read it.
repo hbkse/anki-claude-mod
version v0.2.2
darwin-arm64 518110ed93349edde4a71a62d2172cde3b50b612fe014a2a4c9c425eb10423b2
darwin-x64 61678b05cdc13dd536b5133699f566440fc3ba5a4d09bd878620c73e1daa4788
linux-arm64 637e059cb6ef2b34f48d1a7916373cf24c5fbc88f5a8693af7feb9a188c17754
linux-x64 9c4c7dac679350e0397c723c19384995cc8e979a8425d600082d2ab80d10e44d
windows-x64 736fb7f383b14f307b80f1418e341f1743fc7d30ddb81fab0c04a3ca361188f9
