# Pinned by .github/workflows/release.yml; scripts/install-sidecar.* read it.
repo hbkse/anki-claude-mod
version v0.2.0
darwin-arm64 a803af4071577acce2aadc09196b5a4ee47f04bfbed87a3f5489b14a5d0f0a86
darwin-x64 156d7e5fc2b8d50ff680d991d6cf6ad7853f3afc17c4585b1e65db72c4be6502
linux-arm64 2ae73ab43a50b83f734e14e4acaafdd207d5c666ad7b2bd6ad27c93325272552
linux-x64 652e9e9895bf37752bf692ce01cb156f3d510cd0117596e1f77e773c25100f11
windows-x64 a145e31f086653fedfc86c312e0688b381da93ad190b39dbad1f993fe82bbb73
