# Pinned by .github/workflows/release.yml; scripts/install-sidecar.* read it.
repo hbkse/anki-claude-mod
version v0.2.1
darwin-arm64 22410762d6f5599e96663587ad391457c4c559379ab52d87df34753958eb35ab
darwin-x64 6db2a90340f7f5de9eb2ddb5441d32bda8b7d1fbaccbb13e2a1d73538b35ecdb
linux-arm64 344b94c9d6cf748a2d91beeeff72892dfd6d225f3511f79f9386b5d16f20879f
linux-x64 86284c00d13e30885a166918cbc9df1c5801334928015ee392dd55cf91a2dd77
windows-x64 6173ca8d371b5a23e7563e886dc2cf5b61e1295a09ea4a65499227247b425e1c
